// !$*UTF8*$!
{
	archiveVersion = 1;
	classes = {
	};
	objectVersion = 52;
	objects = {

/* Begin PBXBuildFile section */
		282C8709270BCDB600582942 /* TCAScrollFromReducerApp.swift in Sources */ = {isa = PBXBuildFile; fileRef = 282C8708270BCDB600582942 /* TCAScrollFromReducerApp.swift */; };
		282C870B270BCDB600582942 /* AppView.swift in Sources */ = {isa = PBXBuildFile; fileRef = 282C870A270BCDB600582942 /* AppView.swift */; };
		282C870D270BCDBF00582942 /* Assets.xcassets in Resources */ = {isa = PBXBuildFile; fileRef = 282C870C270BCDBF00582942 /* Assets.xcassets */; };
		282C8710270BCDBF00582942 /* Preview Assets.xcassets in Resources */ = {isa = PBXBuildFile; fileRef = 282C870F270BCDBF00582942 /* Preview Assets.xcassets */; };
		282C8719270BCE0E00582942 /* ComposableArchitecture in Frameworks */ = {isa = PBXBuildFile; productRef = 282C8718270BCE0E00582942 /* ComposableArchitecture */; };
		282C871C270BCE3900582942 /* AppCore.swift in Sources */ = {isa = PBXBuildFile; fileRef = 282C871B270BCE3900582942 /* AppCore.swift */; };
		282C871F270BD10A00582942 /* NSNotification+.swift in Sources */ = {isa = PBXBuildFile; fileRef = 282C871E270BD10A00582942 /* NSNotification+.swift */; };
/* End PBXBuildFile section */

/* Begin PBXFileReference section */
		282C8705270BCDB600582942 /* TCAScrollFromReducer.app */ = {isa = PBXFileReference; explicitFileType = wrapper.application; includeInIndex = 0; path = TCAScrollFromReducer.app; sourceTree = BUILT_PRODUCTS_DIR; };
		282C8708270BCDB600582942 /* TCAScrollFromReducerApp.swift */ = {isa = PBXFileReference; lastKnownFileType = sourcecode.swift; path = TCAScrollFromReducerApp.swift; sourceTree = "<group>"; };
		282C870A270BCDB600582942 /* AppView.swift */ = {isa = PBXFileReference; lastKnownFileType = sourcecode.swift; path = AppView.swift; sourceTree = "<group>"; };
		282C870C270BCDBF00582942 /* Assets.xcassets */ = {isa = PBXFileReference; lastKnownFileType = folder.assetcatalog; path = Assets.xcassets; sourceTree = "<group>"; };
		282C870F270BCDBF00582942 /* Preview Assets.xcassets */ = {isa = PBXFileReference; lastKnownFileType = folder.assetcatalog; path = "Preview Assets.xcassets"; sourceTree = "<group>"; };
		282C8711270BCDBF00582942 /* Info.plist */ = {isa = PBXFileReference; lastKnownFileType = text.plist.xml; path = Info.plist; sourceTree = "<group>"; };
		282C871B270BCE3900582942 /* AppCore.swift */ = {isa = PBXFileReference; lastKnownFileType = sourcecode.swift; path = AppCore.swift; sourceTree = "<group>"; };
		282C871E270BD10A00582942 /* NSNotification+.swift */ = {isa = PBXFileReference; lastKnownFileType = sourcecode.swift; path = "NSNotification+.swift"; sourceTree = "<group>"; };
/* End PBXFileReference section */

/* Begin PBXFrameworksBuildPhase section */
		282C8702270BCDB600582942 /* Frameworks */ = {
			isa = PBXFrameworksBuildPhase;
			buildActionMask = 2147483647;
			files = (
				282C8719270BCE0E00582942 /* ComposableArchitecture in Frameworks */,
			);
			runOnlyForDeploymentPostprocessing = 0;
		};
/* End PBXFrameworksBuildPhase section */

/* Begin PBXGroup section */
		282C86FC270BCDB600582942 = {
			isa = PBXGroup;
			children = (
				282C8707270BCDB600582942 /* TCAScrollFromReducer */,
				282C8706270BCDB600582942 /* Products */,
			);
			sourceTree = "<group>";
		};
		282C8706270BCDB600582942 /* Products */ = {
			isa = PBXGroup;
			children = (
				282C8705270BCDB600582942 /* TCAScrollFromReducer.app */,
			);
			name = Products;
			sourceTree = "<group>";
		};
		282C8707270BCDB600582942 /* TCAScrollFromReducer */ = {
			isa = PBXGroup;
			children = (
				282C871D270BD0FB00582942 /* Extension */,
				282C871A270BCE2500582942 /* Core */,
				282C8708270BCDB600582942 /* TCAScrollFromReducerApp.swift */,
				282C870A270BCDB600582942 /* AppView.swift */,
				282C870C270BCDBF00582942 /* Assets.xcassets */,
				282C8711270BCDBF00582942 /* Info.plist */,
				282C870E270BCDBF00582942 /* Preview Content */,
			);
			path = TCAScrollFromReducer;
			sourceTree = "<group>";
		};
		282C870E270BCDBF00582942 /* Preview Content */ = {
			isa = PBXGroup;
			children = (
				282C870F270BCDBF00582942 /* Preview Assets.xcassets */,
			);
			path = "Preview Content";
			sourceTree = "<group>";
		};
		282C871A270BCE2500582942 /* Core */ = {
			isa = PBXGroup;
			children = (
				282C871B270BCE3900582942 /* AppCore.swift */,
			);
			path = Core;
			sourceTree = "<group>";
		};
		282C871D270BD0FB00582942 /* Extension */ = {
			isa = PBXGroup;
			children = (
				282C871E270BD10A00582942 /* NSNotification+.swift */,
			);
			path = Extension;
			sourceTree = "<group>";
		};
/* End PBXGroup section */

/* Begin PBXNativeTarget section */
		282C8704270BCDB600582942 /* TCAScrollFromReducer */ = {
			isa = PBXNativeTarget;
			buildConfigurationList = 282C8714270BCDBF00582942 /* Build configuration list for PBXNativeTarget "TCAScrollFromReducer" */;
			buildPhases = (
				282C8701270BCDB600582942 /* Sources */,
				282C8702270BCDB600582942 /* Frameworks */,
				282C8703270BCDB600582942 /* Resources */,
			);
			buildRules = (
			);
			dependencies = (
			);
			name = TCAScrollFromReducer;
			packageProductDependencies = (
				282C8718270BCE0E00582942 /* ComposableArchitecture */,
			);
			productName = TCAScrollFromReducer;
			productReference = 282C8705270BCDB600582942 /* TCAScrollFromReducer.app */;
			productType = "com.apple.product-type.application";
		};
/* End PBXNativeTarget section */

/* Begin PBXProject section */
		282C86FD270BCDB600582942 /* Project object */ = {
			isa = PBXProject;
			attributes = {
				LastSwiftUpdateCheck = 1250;
				LastUpgradeCheck = 1250;
				TargetAttributes = {
					282C8704270BCDB600582942 = {
						CreatedOnToolsVersion = 12.5.1;
					};
				};
			};
			buildConfigurationList = 282C8700270BCDB600582942 /* Build configuration list for PBXProject "TCAScrollFromReducer" */;
			compatibilityVersion = "Xcode 9.3";
			developmentRegion = en;
			hasScannedForEncodings = 0;
			knownRegions = (
				en,
				Base,
			);
			mainGroup = 282C86FC270BCDB600582942;
			packageReferences = (
				282C8717270BCE0E00582942 /* XCRemoteSwiftPackageReference "swift-composable-architecture" */,
			);
			productRefGroup = 282C8706270BCDB600582942 /* Products */;
			projectDirPath = "";
			projectRoot = "";
			targets = (
				282C8704270BCDB600582942 /* TCAScrollFromReducer */,
			);
		};
/* End PBXProject section */

/* Begin PBXResourcesBuildPhase section */
		282C8703270BCDB600582942 /* Resources */ = {
			isa = PBXResourcesBuildPhase;
			buildActionMask = 2147483647;
			files = (
				282C8710270BCDBF00582942 /* Preview Assets.xcassets in Resources */,
				282C870D270BCDBF00582942 /* Assets.xcassets in Resources */,
			);
			runOnlyForDeploymentPostprocessing = 0;
		};
/* End PBXResourcesBuildPhase section */

/* Begin PBXSourcesBuildPhase section */
		282C8701270BCDB600582942 /* Sources */ = {
			isa = PBXSourcesBuildPhase;
			buildActionMask = 2147483647;
			files = (
				282C871C270BCE3900582942 /* AppCore.swift in Sources */,
				282C870B270BCDB600582942 /* AppView.swift in Sources */,
				282C8709270BCDB600582942 /* TCAScrollFromReducerApp.swift in Sources */,
				282C871F270BD10A00582942 /* NSNotification+.swift in Sources */,
			);
			runOnlyForDeploymentPostprocessing = 0;
		};
/* End PBXSourcesBuildPhase section */

/* Begin XCBuildConfiguration section */
		282C8712270BCDBF00582942 /* Debug */ = {
			isa = XCBuildConfiguration;
			buildSettings = {
				ALWAYS_SEARCH_USER_PATHS = NO;
				CLANG_ANALYZER_NONNULL = YES;
				CLANG_ANALYZER_NUMBER_OBJECT_CONVERSION = YES_AGGRESSIVE;
				CLANG_CXX_LANGUAGE_STANDARD = "gnu++14";
				CLANG_CXX_LIBRARY = "libc++";
				CLANG_ENABLE_MODULES = YES;
				CLANG_ENABLE_OBJC_ARC = YES;
				CLANG_ENABLE_OBJC_WEAK = YES;
				CLANG_WARN_BLOCK_CAPTURE_AUTORELEASING = YES;
				CLANG_WARN_BOOL_CONVERSION = YES;
				CLANG_WARN_COMMA = YES;
				CLANG_WARN_CONSTANT_CONVERSION = YES;
				CLANG_WARN_DEPRECATED_OBJC_IMPLEMENTATIONS = YES;
				CLANG_WARN_DIRECT_OBJC_ISA_USAGE = YES_ERROR;
				CLANG_WARN_DOCUMENTATION_COMMENTS = YES;
				CLANG_WARN_EMPTY_BODY = YES;
				CLANG_WARN_ENUM_CONVERSION = YES;
				CLANG_WARN_INFINITE_RECURSION = YES;
				CLANG_WARN_INT_CONVERSION = YES;
				CLANG_WARN_NON_LITERAL_NULL_CONVERSION = YES;
				CLANG_WARN_OBJC_IMPLICIT_RETAIN_SELF = YES;
				CLANG_WARN_OBJC_LITERAL_CONVERSION = YES;
				CLANG_WARN_OBJC_ROOT_CLASS = YES_ERROR;
				CLANG_WARN_QUOTED_INCLUDE_IN_FRAMEWORK_HEADER = YES;
				CLANG_WARN_RANGE_LOOP_ANALYSIS = YES;
				CLANG_WARN_STRICT_PROTOTYPES = YES;
				CLANG_WARN_SUSPICIOUS_MOVE = YES;
				CLANG_WARN_UNGUARDED_AVAILABILITY = YES_AGGRESSIVE;
				CLANG_WARN_UNREACHABLE_CODE = YES;
				CLANG_WARN__DUPLICATE_METHOD_MATCH = YES;
				COPY_PHASE_STRIP = NO;
				DEBUG_INFORMATION_FORMAT = dwarf;
				ENABLE_STRICT_OBJC_MSGSEND = YES;
				ENABLE_TESTABILITY = YES;
				GCC_C_LANGUAGE_STANDARD = gnu11;
				GCC_DYNAMIC_NO_PIC = NO;
				GCC_NO_COMMON_BLOCKS = YES;
				GCC_OPTIMIZATION_LEVEL = 0;
				GCC_PREPROCESSOR_DEFINITIONS = (
					"DEBUG=1",
					"$(inherited)",
				);
				GCC_WARN_64_TO_32_BIT_CONVERSION = YES;
				GCC_WARN_ABOUT_RETURN_TYPE = YES_ERROR;
				GCC_WARN_UNDECLARED_SELECTOR = YES;
				GCC_WARN_UNINITIALIZED_AUTOS = YES_AGGRESSIVE;
				GCC_WARN_UNUSED_FUNCTION = YES;
				GCC_WARN_UNUSED_VARIABLE = YES;
				IPHONEOS_DEPLOYMENT_TARGET = 14.5;
				MTL_ENABLE_DEBUG_INFO = INCLUDE_SOURCE;
				MTL_FAST_MATH = YES;
				ONLY_ACTIVE_ARCH = YES;
				SDKROOT = iphoneos;
				SWIFT_ACTIVE_COMPILATION_CONDITIONS = DEBUG;
				SWIFT_OPTIMIZATION_LEVEL = "-Onone";
			};
			name = Debug;
		};
		282C8713270BCDBF00582942 /* Release */ = {
			isa = XCBuildConfiguration;
			buildSettings = {
				ALWAYS_SEARCH_USER_PATHS = NO;
				CLANG_ANALYZER_NONNULL = YES;
				CLANG_ANALYZER_NUMBER_OBJECT_CONVERSION = YES_AGGRESSIVE;
				CLANG_CXX_LANGUAGE_STANDARD = "gnu++14";
				CLANG_CXX_LIBRARY = "libc++";
				CLANG_ENABLE_MODULES = YES;
				CLANG_ENABLE_OBJC_ARC = YES;
				CLANG_ENABLE_OBJC_WEAK = YES;
				CLANG_WARN_BLOCK_CAPTURE_AUTORELEASING = YES;
				CLANG_WARN_BOOL_CONVERSION = YES;
				CLANG_WARN_COMMA = YES;
				CLANG_WARN_CONSTANT_CONVERSION = YES;
				CLANG_WARN_DEPRECATED_OBJC_IMPLEMENTATIONS = YES;
				CLANG_WARN_DIRECT_OBJC_ISA_USAGE = YES_ERROR;
				CLANG_WARN_DOCUMENTATION_COMMENTS = YES;
				CLANG_WARN_EMPTY_BODY = YES;
				CLANG_WARN_ENUM_CONVERSION = YES;
				CLANG_WARN_INFINITE_RECURSION = YES;
				CLANG_WARN_INT_CONVERSION = YES;
				CLANG_WARN_NON_LITERAL_NULL_CONVERSION = YES;
				CLANG_WARN_OBJC_IMPLICIT_RETAIN_SELF = YES;
				CLANG_WARN_OBJC_LITERAL_CONVERSION = YES;
				CLANG_WARN_OBJC_ROOT_CLASS = YES_ERROR;
				CLANG_WARN_QUOTED_INCLUDE_IN_FRAMEWORK_HEADER = YES;
				CLANG_WARN_RANGE_LOOP_ANALYSIS = YES;
				CLANG_WARN_STRICT_PROTOTYPES = YES;
				CLANG_WARN_SUSPICIOUS_MOVE = YES;
				CLANG_WARN_UNGUARDED_AVAILABILITY = YES_AGGRESSIVE;
				CLANG_WARN_UNREACHABLE_CODE = YES;
				CLANG_WARN__DUPLICATE_METHOD_MATCH = YES;
				COPY_PHASE_STRIP = NO;
				DEBUG_INFORMATION_FORMAT = "dwarf-with-dsym";
				ENABLE_NS_ASSERTIONS = NO;
				ENABLE_STRICT_OBJC_MSGSEND = YES;
				GCC_C_LANGUAGE_STANDARD = gnu11;
				GCC_NO_COMMON_BLOCKS = YES;
				GCC_WARN_64_TO_32_BIT_CONVERSION = YES;
				GCC_WARN_ABOUT_RETURN_TYPE = YES_ERROR;
				GCC_WARN_UNDECLARED_SELECTOR = YES;
				GCC_WARN_UNINITIALIZED_AUTOS = YES_AGGRESSIVE;
				GCC_WARN_UNUSED_FUNCTION = YES;
				GCC_WARN_UNUSED_VARIABLE = YES;
				IPHONEOS_DEPLOYMENT_TARGET = 14.5;
				MTL_ENABLE_DEBUG_INFO = NO;
				MTL_FAST_MATH = YES;
				SDKROOT = iphoneos;
				SWIFT_COMPILATION_MODE = wholemodule;
				SWIFT_OPTIMIZATION_LEVEL = "-O";
				VALIDATE_PRODUCT = YES;
			};
			name = Release;
		};
		282C8715270BCDBF00582942 /* Debug */ = {
			isa = XCBuildConfiguration;
			buildSettings = {
				ASSETCATALOG_COMPILER_APPICON_NAME = AppIcon;
				ASSETCATALOG_COMPILER_GLOBAL_ACCENT_COLOR_NAME = AccentColor;
				CODE_SIGN_STYLE = Automatic;
				DEVELOPMENT_ASSET_PATHS = "\"TCAScrollFromReducer/Preview Content\"";
				DEVELOPMENT_TEAM = N46V7T38P5;
				ENABLE_PREVIEWS = YES;
				INFOPLIST_FILE = TCAScrollFromReducer/Info.plist;
				IPHONEOS_DEPLOYMENT_TARGET = 14.0;
				LD_RUNPATH_SEARCH_PATHS = (
					"$(inherited)",
					"@executable_path/Frameworks",
				);
				PRODUCT_BUNDLE_IDENTIFIER = kyamada.TCAScrollFromReducer;
				PRODUCT_NAME = "$(TARGET_NAME)";
				SWIFT_VERSION = 5.0;
				TARGETED_DEVICE_FAMILY = "1,2";
			};
			name = Debug;
		};
		282C8716270BCDBF00582942 /* Release */ = {
			isa = XCBuildConfiguration;
			buildSettings = {
				ASSETCATALOG_COMPILER_APPICON_NAME = AppIcon;
				ASSETCATALOG_COMPILER_GLOBAL_ACCENT_COLOR_NAME = AccentColor;
				CODE_SIGN_STYLE = Automatic;
				DEVELOPMENT_ASSET_PATHS = "\"TCAScrollFromReducer/Preview Content\"";
				DEVELOPMENT_TEAM = N46V7T38P5;
				ENABLE_PREVIEWS = YES;
				INFOPLIST_FILE = TCAScrollFromReducer/Info.plist;
				IPHONEOS_DEPLOYMENT_TARGET = 14.0;
				LD_RUNPATH_SEARCH_PATHS = (
					"$(inherited)",
					"@executable_path/Frameworks",
				);
				PRODUCT_BUNDLE_IDENTIFIER = kyamada.TCAScrollFromReducer;
				PRODUCT_NAME = "$(TARGET_NAME)";
				SWIFT_VERSION = 5.0;
				TARGETED_DEVICE_FAMILY = "1,2";
			};
			name = Release;
		};
/* End XCBuildConfiguration section */

/* Begin XCConfigurationList section */
		282C8700270BCDB600582942 /* Build configuration list for PBXProject "TCAScrollFromReducer" */ = {
			isa = XCConfigurationList;
			buildConfigurations = (
				282C8712270BCDBF00582942 /* Debug */,
				282C8713270BCDBF00582942 /* Release */,
			);
			defaultConfigurationIsVisible = 0;
			defaultConfigurationName = Release;
		};
		282C8714270BCDBF00582942 /* Build configuration list for PBXNativeTarget "TCAScrollFromReducer" */ = {
			isa = XCConfigurationList;
			buildConfigurations = (
				282C8715270BCDBF00582942 /* Debug */,
				282C8716270BCDBF00582942 /* Release */,
			);
			defaultConfigurationIsVisible = 0;
			defaultConfigurationName = Release;
		};
/* End XCConfigurationList section */

/* Begin XCRemoteSwiftPackageReference section */
		282C8717270BCE0E00582942 /* XCRemoteSwiftPackageReference "swift-composable-architecture" */ = {
			isa = XCRemoteSwiftPackageReference;
			repositoryURL = "https://github.com/pointfreeco/swift-composable-architecture";
			requirement = {
				kind = upToNextMajorVersion;
				minimumVersion = 0.28.1;
			};
		};
/* End XCRemoteSwiftPackageReference section */

/* Begin XCSwiftPackageProductDependency section */
		282C8718270BCE0E00582942 /* ComposableArchitecture */ = {
			isa = XCSwiftPackageProductDependency;
			package = 282C8717270BCE0E00582942 /* XCRemoteSwiftPackageReference "swift-composable-architecture" */;
			productName = ComposableArchitecture;
		};
/* End XCSwiftPackageProductDependency section */
	};
	rootObject = 282C86FD270BCDB600582942 /* Project object */;
}
